
Microsoft Visual Studio Solution File, Format Version 12.00
# Visual Studio 14
VisualStudioVersion = 14.0.25420.1
MinimumVisualStudioVersion = 10.0.40219.1
Project("{2150E333-8FDC-42A3-9474-1A3956D46DE8}") = "src", "src", "{F1179456-A91E-4878-951F-A36F3628717E}"
EndProject
Project("{2150E333-8FDC-42A3-9474-1A3956D46DE8}") = "Solution Items", "Solution Items", "{6861FF66-AC3F-4A47-A842-F9D8AC7F8CED}"
	ProjectSection(SolutionItems) = preProject
		global.json = global.json
	EndProjectSection
EndProject
Project("{8BB2217D-0F2D-49D1-97BC-3654ED321F3B}") = "TemplateRouting", "src\TemplateRouting\TemplateRouting.xproj", "{8BE166A5-1402-4781-9302-4105C191FC9C}"
EndProject
Global
	GlobalSection(SolutionConfigurationPlatforms) = preSolution
		Debug|Any CPU = Debug|Any CPU
		Release|Any CPU = Release|Any CPU
	EndGlobalSection
	GlobalSection(ProjectConfigurationPlatforms) = postSolution
		{8BE166A5-1402-4781-9302-4105C191FC9C}.Debug|Any CPU.ActiveCfg = Debug|Any CPU
		{8BE166A5-1402-4781-9302-4105C191FC9C}.Debug|Any CPU.Build.0 = Debug|Any CPU
		{8BE166A5-1402-4781-9302-4105C191FC9C}.Release|Any CPU.ActiveCfg = Release|Any CPU
		{8BE166A5-1402-4781-9302-4105C191FC9C}.Release|Any CPU.Build.0 = Release|Any CPU
	EndGlobalSection
	GlobalSection(SolutionProperties) = preSolution
		HideSolutionNode = FALSE
	EndGlobalSection
	GlobalSection(NestedProjects) = preSolution
		{8BE166A5-1402-4781-9302-4105C191FC9C} = {F1179456-A91E-4878-951F-A36F3628717E}
	EndGlobalSection
EndGlobal
